
Microsoft Visual Studio Solution File, Format Version 12.00
# Visual Studio Version 16
VisualStudioVersion = 16.0.29020.237
MinimumVisualStudioVersion = 10.0.40219.1
Project("{FAE04EC0-301F-11D3-BF4B-00C04F79EFBC}") = "Guu.API", "Guu.API\Guu.API.csproj", "{D5841AB9-BCC8-4FD7-B49E-BDA353BE0964}"
EndProject
Project("{FAE04EC0-301F-11D3-BF4B-00C04F79EFBC}") = "Guu.Common", "Guu.Common\Guu.Common.csproj", "{983FBF90-1F81-4EAE-8C73-EC2570B8E00F}"
EndProject
Project("{FAE04EC0-301F-11D3-BF4B-00C04F79EFBC}") = "VikDisk.Improvements", "VikDisk.Improvements\VikDisk.Improvements.csproj", "{FD5A13C8-5491-4F3F-8294-D8A2C93B8A04}"
EndProject
Project("{FAE04EC0-301F-11D3-BF4B-00C04F79EFBC}") = "Guu.DevTools", "Guu.DevTools\Guu.DevTools.csproj", "{5226813F-4651-40AB-97E7-4A8475E61A27}"
EndProject
Project("{FAE04EC0-301F-11D3-BF4B-00C04F79EFBC}") = "VikDisk", "VikDisk\VikDisk.csproj", "{B32A88E3-5022-421C-9569-DB8446F2733D}"
EndProject
Project("{FAE04EC0-301F-11D3-BF4B-00C04F79EFBC}") = "VikDisk.Chapter1", "VikDisk.Chapter1\VikDisk.Chapter1.csproj", "{599D5EDD-9787-4C66-BA24-A1FE7FF67D55}"
EndProject
Global
	GlobalSection(SolutionConfigurationPlatforms) = preSolution
		Debug|Any CPU = Debug|Any CPU
		Release|Any CPU = Release|Any CPU
	EndGlobalSection
	GlobalSection(ProjectConfigurationPlatforms) = postSolution
		{D5841AB9-BCC8-4FD7-B49E-BDA353BE0964}.Debug|Any CPU.ActiveCfg = Debug|Any CPU
		{D5841AB9-BCC8-4FD7-B49E-BDA353BE0964}.Debug|Any CPU.Build.0 = Debug|Any CPU
		{D5841AB9-BCC8-4FD7-B49E-BDA353BE0964}.Release|Any CPU.ActiveCfg = Release|Any CPU
		{D5841AB9-BCC8-4FD7-B49E-BDA353BE0964}.Release|Any CPU.Build.0 = Release|Any CPU
		{983FBF90-1F81-4EAE-8C73-EC2570B8E00F}.Debug|Any CPU.ActiveCfg = Debug|Any CPU
		{983FBF90-1F81-4EAE-8C73-EC2570B8E00F}.Debug|Any CPU.Build.0 = Debug|Any CPU
		{983FBF90-1F81-4EAE-8C73-EC2570B8E00F}.Release|Any CPU.ActiveCfg = Release|Any CPU
		{983FBF90-1F81-4EAE-8C73-EC2570B8E00F}.Release|Any CPU.Build.0 = Release|Any CPU
		{FD5A13C8-5491-4F3F-8294-D8A2C93B8A04}.Debug|Any CPU.ActiveCfg = Debug|Any CPU
		{FD5A13C8-5491-4F3F-8294-D8A2C93B8A04}.Debug|Any CPU.Build.0 = Debug|Any CPU
		{FD5A13C8-5491-4F3F-8294-D8A2C93B8A04}.Release|Any CPU.ActiveCfg = Release|Any CPU
		{FD5A13C8-5491-4F3F-8294-D8A2C93B8A04}.Release|Any CPU.Build.0 = Release|Any CPU
		{5226813F-4651-40AB-97E7-4A8475E61A27}.Debug|Any CPU.ActiveCfg = Debug|Any CPU
		{5226813F-4651-40AB-97E7-4A8475E61A27}.Debug|Any CPU.Build.0 = Debug|Any CPU
		{5226813F-4651-40AB-97E7-4A8475E61A27}.Release|Any CPU.ActiveCfg = Release|Any CPU
		{5226813F-4651-40AB-97E7-4A8475E61A27}.Release|Any CPU.Build.0 = Release|Any CPU
		{B32A88E3-5022-421C-9569-DB8446F2733D}.Debug|Any CPU.ActiveCfg = Debug|Any CPU
		{B32A88E3-5022-421C-9569-DB8446F2733D}.Debug|Any CPU.Build.0 = Debug|Any CPU
		{B32A88E3-5022-421C-9569-DB8446F2733D}.Release|Any CPU.ActiveCfg = Release|Any CPU
		{B32A88E3-5022-421C-9569-DB8446F2733D}.Release|Any CPU.Build.0 = Release|Any CPU
		{599D5EDD-9787-4C66-BA24-A1FE7FF67D55}.Debug|Any CPU.ActiveCfg = Debug|Any CPU
		{599D5EDD-9787-4C66-BA24-A1FE7FF67D55}.Debug|Any CPU.Build.0 = Debug|Any CPU
		{599D5EDD-9787-4C66-BA24-A1FE7FF67D55}.Release|Any CPU.ActiveCfg = Release|Any CPU
		{599D5EDD-9787-4C66-BA24-A1FE7FF67D55}.Release|Any CPU.Build.0 = Release|Any CPU
	EndGlobalSection
	GlobalSection(SolutionProperties) = preSolution
		HideSolutionNode = FALSE
	EndGlobalSection
	GlobalSection(ExtensibilityGlobals) = postSolution
		SolutionGuid = {597CB2FB-18A4-490F-B2D7-0660157C0A3D}
	EndGlobalSection
EndGlobal
